{
  "requires": true,
  "lockfileVersion": 1,
  "dependencies": {
    "@babel/runtime": {
      "version": "7.9.6",
      "resolved": "https://registry.npmjs.org/@babel/runtime/-/runtime-7.9.6.tgz",
      "integrity": "sha512-64AF1xY3OAkFHqOb9s4jpgk1Mm5vDZ4L3acHvAml+53nO1XbXLuDodsVpO4OIUsmemlUHMxNdYMNJmsvOwLrvQ==",
      "requires": {
        "regenerator-runtime": "^0.13.4"
      }
    },
    "abbrev": {
      "version": "1.1.1",
      "resolved": "https://registry.npmjs.org/abbrev/-/abbrev-1.1.1.tgz",
      "integrity": "sha512-nne9/IiQ/hzIhY6pdDnbBtz7DjPTKrY00P/zvPSm5pOFkl6xuGrGnXn/VtTNNfNtAfZ9/1RtehkszU9qcTii0Q=="
    },
    "argsparser": {
      "version": "0.0.7",
      "resolved": "https://registry.npmjs.org/argsparser/-/argsparser-0.0.7.tgz",
      "integrity": "sha1-QcheDD3nV7NQ8S5u0OSQsegtvgY="
    },
    "async": {
      "version": "0.1.22",
      "resolved": "https://registry.npmjs.org/async/-/async-0.1.22.tgz",
      "integrity": "sha1-D8GqoIig4+8Ovi2IMbqw3PiEUGE="
    },
    "axios": {
      "version": "0.19.2",
      "resolved": "https://registry.npmjs.org/axios/-/axios-0.19.2.tgz",
      "integrity": "sha512-fjgm5MvRHLhx+osE2xoekY70AhARk3a6hkN+3Io1jc00jtquGvxYlKlsFUhmUET0V5te6CcZI7lcv2Ym61mjHA==",
      "requires": {
        "follow-redirects": "1.5.10"
      }
    },
    "bootstrap": {
      "version": "4.4.1",
      "resolved": "https://registry.npmjs.org/bootstrap/-/bootstrap-4.4.1.tgz",
      "integrity": "sha512-tbx5cHubwE6e2ZG7nqM3g/FZ5PQEDMWmMGNrCUBVRPHXTJaH7CBDdsLeu3eCh3B1tzAxTnAbtmrzvWEvT2NNEA=="
    },
    "classnames": {
      "version": "2.2.6",
      "resolved": "https://registry.npmjs.org/classnames/-/classnames-2.2.6.tgz",
      "integrity": "sha512-JR/iSQOSt+LQIWwrwEzJ9uk0xfN3mTVYMwt1Ir5mUcSN6pU+V4zQFFaJsclJbPuAUQH+yfWef6tm7l1quW3C8Q=="
    },
    "colors": {
      "version": "0.6.2",
      "resolved": "https://registry.npmjs.org/colors/-/colors-0.6.2.tgz",
      "integrity": "sha1-JCP+ZnisDF2uiFLl0OW+CMmXq8w="
    },
    "connect": {
      "version": "1.8.7",
      "resolved": "https://registry.npmjs.org/connect/-/connect-1.8.7.tgz",
      "integrity": "sha1-tiAoGITUVfq5TGk9LbdIZS1sjBc=",
      "requires": {
        "formidable": "1.0.x",
        "mime": ">= 0.0.1",
        "qs": ">= 0.4.0"
      }
    },
    "crc32": {
      "version": "0.2.2",
      "resolved": "https://registry.npmjs.org/crc32/-/crc32-0.2.2.tgz",
      "integrity": "sha1-etIg1v/c0Rn5/BJ6d3LKzqOQpLo="
    },
    "create-react-context": {
      "version": "0.3.0",
      "resolved": "https://registry.npmjs.org/create-react-context/-/create-react-context-0.3.0.tgz",
      "integrity": "sha512-dNldIoSuNSvlTJ7slIKC/ZFGKexBMBrrcc+TTe1NdmROnaASuLPvqpwj9v4XS4uXZ8+YPu0sNmShX2rXI5LNsw==",
      "requires": {
        "gud": "^1.0.0",
        "warning": "^4.0.3"
      }
    },
    "csslint": {
      "version": "0.9.10",
      "resolved": "https://registry.npmjs.org/csslint/-/csslint-0.9.10.tgz",
      "integrity": "sha1-xBuptrn+x3vKhxEuces6Ig71m8Q="
    },
    "date-fns": {
      "version": "2.13.0",
      "resolved": "https://registry.npmjs.org/date-fns/-/date-fns-2.13.0.tgz",
      "integrity": "sha512-xm0c61mevGF7f0XpCGtDTGpzEFC/1fpLXHbmFpxZZQJuvByIK2ozm6cSYuU+nxFYOPh2EuCfzUwlTEFwKG+h5w=="
    },
    "date-picker": {
      "version": "0.5.0",
      "resolved": "https://registry.npmjs.org/date-picker/-/date-picker-0.5.0.tgz",
      "integrity": "sha1-x05A/2voR6Ofj2P9ifX3wyIP8x4=",
      "requires": {
        "grunt": "0.3.9",
        "grunt-css": "0.2.1"
      }
    },
    "dateformat": {
      "version": "1.0.2-1.2.3",
      "resolved": "https://registry.npmjs.org/dateformat/-/dateformat-1.0.2-1.2.3.tgz",
      "integrity": "sha1-sCIMAt6YYXQztyhRz0fePfLNvuk="
    },
    "debug": {
      "version": "3.1.0",
      "resolved": "https://registry.npmjs.org/debug/-/debug-3.1.0.tgz",
      "integrity": "sha512-OX8XqP7/1a9cqkxYw2yXss15f26NKWBpDXQd0/uK/KPqdQhxbPa994hnzjcE2VqQpDslf55723cKPUOGSmMY3g==",
      "requires": {
        "ms": "2.0.0"
      }
    },
    "deep-equal": {
      "version": "1.1.1",
      "resolved": "https://registry.npmjs.org/deep-equal/-/deep-equal-1.1.1.tgz",
      "integrity": "sha512-yd9c5AdiqVcR+JjcwUQb9DkhJc8ngNr0MahEBGvDiJw8puWab2yZlh+nkasOnZP+EGTAP6rRp2JzJhJZzvNF8g==",
      "requires": {
        "is-arguments": "^1.0.4",
        "is-date-object": "^1.0.1",
        "is-regex": "^1.0.4",
        "object-is": "^1.0.1",
        "object-keys": "^1.1.1",
        "regexp.prototype.flags": "^1.2.0"
      }
    },
    "define-properties": {
      "version": "1.1.3",
      "resolved": "https://registry.npmjs.org/define-properties/-/define-properties-1.1.3.tgz",
      "integrity": "sha512-3MqfYKj2lLzdMSf8ZIZE/V+Zuy+BgD6f164e8K2w7dgnpKArBDerGYpM46IYYcjnkdPNMjPk9A6VFB8+3SKlXQ==",
      "requires": {
        "object-keys": "^1.0.12"
      }
    },
    "deflate-js": {
      "version": "0.2.3",
      "resolved": "https://registry.npmjs.org/deflate-js/-/deflate-js-0.2.3.tgz",
      "integrity": "sha1-+Fq7WOvFFRowYUdHPVfD5PfkQms="
    },
    "es-abstract": {
      "version": "1.17.5",
      "resolved": "https://registry.npmjs.org/es-abstract/-/es-abstract-1.17.5.tgz",
      "integrity": "sha512-BR9auzDbySxOcfog0tLECW8l28eRGpDpU3Dm3Hp4q/N+VtLTmyj4EUN088XZWQDW/hzj6sYRDXeOFsaAODKvpg==",
      "requires": {
        "es-to-primitive": "^1.2.1",
        "function-bind": "^1.1.1",
        "has": "^1.0.3",
        "has-symbols": "^1.0.1",
        "is-callable": "^1.1.5",
        "is-regex": "^1.0.5",
        "object-inspect": "^1.7.0",
        "object-keys": "^1.1.1",
        "object.assign": "^4.1.0",
        "string.prototype.trimleft": "^2.1.1",
        "string.prototype.trimright": "^2.1.1"
      }
    },
    "es-to-primitive": {
      "version": "1.2.1",
      "resolved": "https://registry.npmjs.org/es-to-primitive/-/es-to-primitive-1.2.1.tgz",
      "integrity": "sha512-QCOllgZJtaUo9miYBcLChTUaHNjJF3PYs1VidD7AwiEj1kYxKeQTctLAezAOH5ZKRH0g2IgPn6KwB4IT8iRpvA==",
      "requires": {
        "is-callable": "^1.1.4",
        "is-date-object": "^1.0.1",
        "is-symbol": "^1.0.2"
      }
    },
    "eyes": {
      "version": "0.1.8",
      "resolved": "https://registry.npmjs.org/eyes/-/eyes-0.1.8.tgz",
      "integrity": "sha1-Ys8SAjTGg3hdkCNIqADvPgzCC8A="
    },
    "follow-redirects": {
      "version": "1.5.10",
      "resolved": "https://registry.npmjs.org/follow-redirects/-/follow-redirects-1.5.10.tgz",
      "integrity": "sha512-0V5l4Cizzvqt5D44aTXbFZz+FtyXV1vrDN6qrelxtfYQKW0KO0W2T/hkE8xvGa/540LkZlkaUjO4ailYTFtHVQ==",
      "requires": {
        "debug": "=3.1.0"
      }
    },
    "formidable": {
      "version": "1.0.16",
      "resolved": "https://registry.npmjs.org/formidable/-/formidable-1.0.16.tgz",
      "integrity": "sha1-SRbP38TL7QILJXpqlQWpqzjCzQ4="
    },
    "function-bind": {
      "version": "1.1.1",
      "resolved": "https://registry.npmjs.org/function-bind/-/function-bind-1.1.1.tgz",
      "integrity": "sha512-yIovAzMX49sF8Yl58fSCWJ5svSLuaibPxXQJFLmBObTuCr0Mf1KiPopGM9NiFjiYBCbfaa2Fh6breQ6ANVTI0A=="
    },
    "glob-whatev": {
      "version": "0.1.8",
      "resolved": "https://registry.npmjs.org/glob-whatev/-/glob-whatev-0.1.8.tgz",
      "integrity": "sha1-ozp2MmLlAehRvIT9IrVzbP84Jv0=",
      "requires": {
        "minimatch": "~0.2.5"
      }
    },
    "grunt": {
      "version": "0.3.9",
      "resolved": "https://registry.npmjs.org/grunt/-/grunt-0.3.9.tgz",
      "integrity": "sha1-NlVmrKsJvqwwdcJLB5IQbsqDImQ=",
      "requires": {
        "async": "~0.1.18",
        "colors": "~0.6.0",
        "connect": "~1.8.6",
        "dateformat": "1.0.2-1.2.3",
        "glob-whatev": "~0.1.4",
        "gzip-js": "~0.3.1",
        "hooker": "~0.2.3",
        "jshint": "~0.5.9",
        "nodeunit": "~0.6.4",
        "nopt": "~1.0.10",
        "prompt": "~0.1.12",
        "semver": "~1.0.13",
        "temporary": "~0.0.2",
        "uglify-js": "~1.0.7",
        "underscore": "~1.2.4",
        "underscore.string": "~2.1.1"
      }
    },
    "grunt-css": {
      "version": "0.2.1",
      "resolved": "https://registry.npmjs.org/grunt-css/-/grunt-css-0.2.1.tgz",
      "integrity": "sha1-RRV0EqDBOpM9Dd58WWQ69UheDwo=",
      "requires": {
        "csslint": "0.9.x",
        "grunt": "~0.3.4",
        "sqwish": "0.2.x"
      }
    },
    "gud": {
      "version": "1.0.0",
      "resolved": "https://registry.npmjs.org/gud/-/gud-1.0.0.tgz",
      "integrity": "sha512-zGEOVKFM5sVPPrYs7J5/hYEw2Pof8KCyOwyhG8sAF26mCAeUFAcYPu1mwB7hhpIP29zOIBaDqwuHdLp0jvZXjw=="
    },
    "gzip-js": {
      "version": "0.3.2",
      "resolved": "https://registry.npmjs.org/gzip-js/-/gzip-js-0.3.2.tgz",
      "integrity": "sha1-IxF+/usozzhSSN7/Df+tiUg22Ws=",
      "requires": {
        "crc32": ">= 0.2.2",
        "deflate-js": ">= 0.2.2"
      }
    },
    "has": {
      "version": "1.0.3",
      "resolved": "https://registry.npmjs.org/has/-/has-1.0.3.tgz",
      "integrity": "sha512-f2dvO0VU6Oej7RkWJGrehjbzMAjFp5/VKPp5tTpWIV4JHHZK1/BxbFRtf/siA2SWTe09caDmVtYYzWEIbBS4zw==",
      "requires": {
        "function-bind": "^1.1.1"
      }
    },
    "has-symbols": {
      "version": "1.0.1",
      "resolved": "https://registry.npmjs.org/has-symbols/-/has-symbols-1.0.1.tgz",
      "integrity": "sha512-PLcsoqu++dmEIZB+6totNFKq/7Do+Z0u4oT0zKOJNl3lYK6vGwwu2hjHs+68OEZbTjiUE9bgOABXbP/GvrS0Kg=="
    },
    "history": {
      "version": "4.10.1",
      "resolved": "https://registry.npmjs.org/history/-/history-4.10.1.tgz",
      "integrity": "sha512-36nwAD620w12kuzPAsyINPWJqlNbij+hpK1k9XRloDtym8mxzGYl2c17LnV6IAGB2Dmg4tEa7G7DlawS0+qjew==",
      "requires": {
        "@babel/runtime": "^7.1.2",
        "loose-envify": "^1.2.0",
        "resolve-pathname": "^3.0.0",
        "tiny-invariant": "^1.0.2",
        "tiny-warning": "^1.0.0",
        "value-equal": "^1.0.1"
      }
    },
    "hoist-non-react-statics": {
      "version": "3.3.2",
      "resolved": "https://registry.npmjs.org/hoist-non-react-statics/-/hoist-non-react-statics-3.3.2.tgz",
      "integrity": "sha512-/gGivxi8JPKWNm/W0jSmzcMPpfpPLc3dY/6GxhX2hQ9iGj3aDfklV4ET7NjKpSinLpJ5vafa9iiGIEZg10SfBw==",
      "requires": {
        "react-is": "^16.7.0"
      }
    },
    "hooker": {
      "version": "0.2.3",
      "resolved": "https://registry.npmjs.org/hooker/-/hooker-0.2.3.tgz",
      "integrity": "sha1-uDT3I8xKJCqmWWNFnfbZhMXT2Vk="
    },
    "inherits": {
      "version": "2.0.4",
      "resolved": "https://registry.npmjs.org/inherits/-/inherits-2.0.4.tgz",
      "integrity": "sha512-k/vGaX4/Yla3WzyMCvTQOXYeIHvqOKtnqBduzTHpzpQZzAskKMhZ2K+EnBiSM9zGSoIFeMpXKxa4dYeZIQqewQ=="
    },
    "is-arguments": {
      "version": "1.0.4",
      "resolved": "https://registry.npmjs.org/is-arguments/-/is-arguments-1.0.4.tgz",
      "integrity": "sha512-xPh0Rmt8NE65sNzvyUmWgI1tz3mKq74lGA0mL8LYZcoIzKOzDh6HmrYm3d18k60nHerC8A9Km8kYu87zfSFnLA=="
    },
    "is-callable": {
      "version": "1.1.5",
      "resolved": "https://registry.npmjs.org/is-callable/-/is-callable-1.1.5.tgz",
      "integrity": "sha512-ESKv5sMCJB2jnHTWZ3O5itG+O128Hsus4K4Qh1h2/cgn2vbgnLSVqfV46AeJA9D5EeeLa9w81KUXMtn34zhX+Q=="
    },
    "is-date-object": {
      "version": "1.0.2",
      "resolved": "https://registry.npmjs.org/is-date-object/-/is-date-object-1.0.2.tgz",
      "integrity": "sha512-USlDT524woQ08aoZFzh3/Z6ch9Y/EWXEHQ/AaRN0SkKq4t2Jw2R2339tSXmwuVoY7LLlBCbOIlx2myP/L5zk0g=="
    },
    "is-regex": {
      "version": "1.0.5",
      "resolved": "https://registry.npmjs.org/is-regex/-/is-regex-1.0.5.tgz",
      "integrity": "sha512-vlKW17SNq44owv5AQR3Cq0bQPEb8+kF3UKZ2fiZNOWtztYE5i0CzCZxFDwO58qAOWtxdBRVO/V5Qin1wjCqFYQ==",
      "requires": {
        "has": "^1.0.3"
      }
    },
    "is-symbol": {
      "version": "1.0.3",
      "resolved": "https://registry.npmjs.org/is-symbol/-/is-symbol-1.0.3.tgz",
      "integrity": "sha512-OwijhaRSgqvhm/0ZdAcXNZt9lYdKFpcRDT5ULUuYXPoT794UNOdU+gpT6Rzo7b4V2HUl/op6GqY894AZwv9faQ==",
      "requires": {
        "has-symbols": "^1.0.1"
      }
    },
    "isarray": {
      "version": "0.0.1",
      "resolved": "https://registry.npmjs.org/isarray/-/isarray-0.0.1.tgz",
      "integrity": "sha1-ihis/Kmo9Bd+Cav8YDiTmwXR7t8="
    },
    "js-tokens": {
      "version": "4.0.0",
      "resolved": "https://registry.npmjs.org/js-tokens/-/js-tokens-4.0.0.tgz",
      "integrity": "sha512-RdJUflcE3cUzKiMqQgsCu06FPu9UdIJO0beYbPhHN4k6apgJtifcoCtT9bcxOpYBtpD2kCM6Sbzg4CausW/PKQ=="
    },
    "jshint": {
      "version": "0.5.9",
      "resolved": "https://registry.npmjs.org/jshint/-/jshint-0.5.9.tgz",
      "integrity": "sha1-zLW6nSgY3+eIV/6qccy6DLEK68k=",
      "requires": {
        "argsparser": ">=0.0.3",
        "minimatch": ">=0.0.4"
      }
    },
    "loggly": {
      "version": "0.3.11",
      "resolved": "https://registry.npmjs.org/loggly/-/loggly-0.3.11.tgz",
      "integrity": "sha1-YsHsNDZ3LwlUWY8muVfSrSmGthE=",
      "requires": {
        "request": "2.9.x",
        "timespan": "2.x.x"
      }
    },
    "loose-envify": {
      "version": "1.4.0",
      "resolved": "https://registry.npmjs.org/loose-envify/-/loose-envify-1.4.0.tgz",
      "integrity": "sha512-lyuxPGr/Wfhrlem2CL/UcnUc1zcqKAImBDzukY7Y5F/yQiNdko6+fRLevlw1HgMySw7f611UIY408EtxRSoK3Q==",
      "requires": {
        "js-tokens": "^3.0.0 || ^4.0.0"
      }
    },
    "lru-cache": {
      "version": "2.7.3",
      "resolved": "https://registry.npmjs.org/lru-cache/-/lru-cache-2.7.3.tgz",
      "integrity": "sha1-bUUk6LlV+V1PW1iFHOId1y+06VI="
    },
    "mime": {
      "version": "2.4.5",
      "resolved": "https://registry.npmjs.org/mime/-/mime-2.4.5.tgz",
      "integrity": "sha512-3hQhEUF027BuxZjQA3s7rIv/7VCQPa27hN9u9g87sEkWaKwQPuXOkVKtOeiyUrnWqTDiOs8Ed2rwg733mB0R5w=="
    },
    "mini-create-react-context": {
      "version": "0.3.2",
      "resolved": "https://registry.npmjs.org/mini-create-react-context/-/mini-create-react-context-0.3.2.tgz",
      "integrity": "sha512-2v+OeetEyliMt5VHMXsBhABoJ0/M4RCe7fatd/fBy6SMiKazUSEt3gxxypfnk2SHMkdBYvorHRoQxuGoiwbzAw==",
      "requires": {
        "@babel/runtime": "^7.4.0",
        "gud": "^1.0.0",
        "tiny-warning": "^1.0.2"
      }
    },
    "minimatch": {
      "version": "0.2.14",
      "resolved": "https://registry.npmjs.org/minimatch/-/minimatch-0.2.14.tgz",
      "integrity": "sha1-x054BXT2PG+aCQ6Q775u9TpqdWo=",
      "requires": {
        "lru-cache": "2",
        "sigmund": "~1.0.0"
      }
    },
    "ms": {
      "version": "2.0.0",
      "resolved": "https://registry.npmjs.org/ms/-/ms-2.0.0.tgz",
      "integrity": "sha1-VgiurfwAvmwpAd9fmGF4jeDVl8g="
    },
    "nodeunit": {
      "version": "0.6.4",
      "resolved": "https://registry.npmjs.org/nodeunit/-/nodeunit-0.6.4.tgz",
      "integrity": "sha1-m9VDA1tvhtnbIDDYct7ihRPb9Jk=",
      "requires": {
        "tap-assert": ">=0.0.9",
        "tap-producer": ">=0.0.1"
      }
    },
    "nopt": {
      "version": "1.0.10",
      "resolved": "https://registry.npmjs.org/nopt/-/nopt-1.0.10.tgz",
      "integrity": "sha1-bd0hvSoxQXuScn3Vhfim83YI6+4=",
      "requires": {
        "abbrev": "1"
      }
    },
    "object-assign": {
      "version": "4.1.1",
      "resolved": "https://registry.npmjs.org/object-assign/-/object-assign-4.1.1.tgz",
      "integrity": "sha1-IQmtx5ZYh8/AXLvUQsrIv7s2CGM="
    },
    "object-inspect": {
      "version": "1.7.0",
      "resolved": "https://registry.npmjs.org/object-inspect/-/object-inspect-1.7.0.tgz",
      "integrity": "sha512-a7pEHdh1xKIAgTySUGgLMx/xwDZskN1Ud6egYYN3EdRW4ZMPNEDUTF+hwy2LUC+Bl+SyLXANnwz/jyh/qutKUw=="
    },
    "object-is": {
      "version": "1.1.2",
      "resolved": "https://registry.npmjs.org/object-is/-/object-is-1.1.2.tgz",
      "integrity": "sha512-5lHCz+0uufF6wZ7CRFWJN3hp8Jqblpgve06U5CMQ3f//6iDjPr2PEo9MWCjEssDsa+UZEL4PkFpr+BMop6aKzQ==",
      "requires": {
        "define-properties": "^1.1.3",
        "es-abstract": "^1.17.5"
      }
    },
    "object-keys": {
      "version": "1.1.1",
      "resolved": "https://registry.npmjs.org/object-keys/-/object-keys-1.1.1.tgz",
      "integrity": "sha512-NuAESUOUMrlIXOfHKzD6bpPu3tYt3xvjNdRIQ+FeT0lNb4K8WR70CaDxhuNguS2XG+GjkyMwOzsN5ZktImfhLA=="
    },
    "object.assign": {
      "version": "4.1.0",
      "resolved": "https://registry.npmjs.org/object.assign/-/object.assign-4.1.0.tgz",
      "integrity": "sha512-exHJeq6kBKj58mqGyTQ9DFvrZC/eR6OwxzoM9YRoGBqrXYonaFyGiFMuc9VZrXf7DarreEwMpurG3dd+CNyW5w==",
      "requires": {
        "define-properties": "^1.1.2",
        "function-bind": "^1.1.1",
        "has-symbols": "^1.0.0",
        "object-keys": "^1.0.11"
      }
    },
    "package": {
      "version": "1.0.1",
      "resolved": "https://registry.npmjs.org/package/-/package-1.0.1.tgz",
      "integrity": "sha1-0lofmeJQbcsn1nBLg9yooxLk7cw="
    },
    "path-to-regexp": {
      "version": "1.8.0",
      "resolved": "https://registry.npmjs.org/path-to-regexp/-/path-to-regexp-1.8.0.tgz",
      "integrity": "sha512-n43JRhlUKUAlibEJhPeir1ncUID16QnEjNpwzNdO3Lm4ywrBpBZ5oLD0I6br9evr1Y9JTqwRtAh7JLoOzAQdVA==",
      "requires": {
        "isarray": "0.0.1"
      }
    },
    "pkginfo": {
      "version": "0.4.1",
      "resolved": "https://registry.npmjs.org/pkginfo/-/pkginfo-0.4.1.tgz",
      "integrity": "sha1-tUGO8EOd5UJfxJlQQtztFPsqhP8="
    },
    "popper.js": {
      "version": "1.16.1",
      "resolved": "https://registry.npmjs.org/popper.js/-/popper.js-1.16.1.tgz",
      "integrity": "sha512-Wb4p1J4zyFTbM+u6WuO4XstYx4Ky9Cewe4DWrel7B0w6VVICvPwdOpotjzcf6eD8TsckVnIMNONQyPIUFOUbCQ=="
    },
    "prompt": {
      "version": "0.1.12",
      "resolved": "https://registry.npmjs.org/prompt/-/prompt-0.1.12.tgz",
      "integrity": "sha1-0xFOT7mFrGbqo1WG3Lez+zsnv8Y=",
      "requires": {
        "async": "0.1.x",
        "colors": "0.x.x",
        "pkginfo": "0.x.x",
        "winston": "0.5.x"
      }
    },
    "prop-types": {
      "version": "15.7.2",
      "resolved": "https://registry.npmjs.org/prop-types/-/prop-types-15.7.2.tgz",
      "integrity": "sha512-8QQikdH7//R2vurIJSutZ1smHYTcLpRWEOlHnzcWHmBYrOGUysKwSsrC89BCiFj3CbrfJ/nXFdJepOVrY1GCHQ==",
      "requires": {
        "loose-envify": "^1.4.0",
        "object-assign": "^4.1.1",
        "react-is": "^16.8.1"
      }
    },
    "qs": {
      "version": "6.9.4",
      "resolved": "https://registry.npmjs.org/qs/-/qs-6.9.4.tgz",
      "integrity": "sha512-A1kFqHekCTM7cz0udomYUoYNWjBebHm/5wzU/XqrBRBNWectVH0QIiN+NEcZ0Dte5hvzHwbr8+XQmguPhJ6WdQ=="
    },
    "react-datepicker": {
      "version": "2.15.0",
      "resolved": "https://registry.npmjs.org/react-datepicker/-/react-datepicker-2.15.0.tgz",
      "integrity": "sha512-IZU3izNcP7UFFsaKGpPW1bej6CVF0oL/wgisjDiuy8FZk9wdcFDcrk1/FFY2UinrYSGzgafc4jdOmgVj/7YrJA==",
      "requires": {
        "classnames": "^2.2.6",
        "date-fns": "^2.0.1",
        "prop-types": "^15.7.2",
        "react-onclickoutside": "^6.9.0",
        "react-popper": "^1.3.4"
      }
    },
    "react-is": {
      "version": "16.13.1",
      "resolved": "https://registry.npmjs.org/react-is/-/react-is-16.13.1.tgz",
      "integrity": "sha512-24e6ynE2H+OKt4kqsOvNd8kBpV65zoxbA4BVsEOB3ARVWQki/DHzaUoC5KuON/BiccDaCCTZBuOcfZs70kR8bQ=="
    },
    "react-onclickoutside": {
      "version": "6.9.0",
      "resolved": "https://registry.npmjs.org/react-onclickoutside/-/react-onclickoutside-6.9.0.tgz",
      "integrity": "sha512-8ltIY3bC7oGhj2nPAvWOGi+xGFybPNhJM0V1H8hY/whNcXgmDeaeoCMPPd8VatrpTsUWjb/vGzrmu6SrXVty3A=="
    },
    "react-popper": {
      "version": "1.3.7",
      "resolved": "https://registry.npmjs.org/react-popper/-/react-popper-1.3.7.tgz",
      "integrity": "sha512-nmqYTx7QVjCm3WUZLeuOomna138R1luC4EqkW3hxJUrAe+3eNz3oFCLYdnPwILfn0mX1Ew2c3wctrjlUMYYUww==",
      "requires": {
        "@babel/runtime": "^7.1.2",
        "create-react-context": "^0.3.0",
        "deep-equal": "^1.1.1",
        "popper.js": "^1.14.4",
        "prop-types": "^15.6.1",
        "typed-styles": "^0.0.7",
        "warning": "^4.0.2"
      }
    },
    "react-router": {
      "version": "5.1.2",
      "resolved": "https://registry.npmjs.org/react-router/-/react-router-5.1.2.tgz",
      "integrity": "sha512-yjEuMFy1ONK246B+rsa0cUam5OeAQ8pyclRDgpxuSCrAlJ1qN9uZ5IgyKC7gQg0w8OM50NXHEegPh/ks9YuR2A==",
      "requires": {
        "@babel/runtime": "^7.1.2",
        "history": "^4.9.0",
        "hoist-non-react-statics": "^3.1.0",
        "loose-envify": "^1.3.1",
        "mini-create-react-context": "^0.3.0",
        "path-to-regexp": "^1.7.0",
        "prop-types": "^15.6.2",
        "react-is": "^16.6.0",
        "tiny-invariant": "^1.0.2",
        "tiny-warning": "^1.0.0"
      }
    },
    "react-router-dom": {
      "version": "5.1.2",
      "resolved": "https://registry.npmjs.org/react-router-dom/-/react-router-dom-5.1.2.tgz",
      "integrity": "sha512-7BPHAaIwWpZS074UKaw1FjVdZBSVWEk8IuDXdB+OkLb8vd/WRQIpA4ag9WQk61aEfQs47wHyjWUoUGGZxpQXew==",
      "requires": {
        "@babel/runtime": "^7.1.2",
        "history": "^4.9.0",
        "loose-envify": "^1.3.1",
        "prop-types": "^15.6.2",
        "react-router": "5.1.2",
        "tiny-invariant": "^1.0.2",
        "tiny-warning": "^1.0.0"
      }
    },
    "regenerator-runtime": {
      "version": "0.13.5",
      "resolved": "https://registry.npmjs.org/regenerator-runtime/-/regenerator-runtime-0.13.5.tgz",
      "integrity": "sha512-ZS5w8CpKFinUzOwW3c83oPeVXoNsrLsaCoLtJvAClH135j/R77RuymhiSErhm2lKcwSCIpmvIWSbDkIfAqKQlA=="
    },
    "regexp.prototype.flags": {
      "version": "1.3.0",
      "resolved": "https://registry.npmjs.org/regexp.prototype.flags/-/regexp.prototype.flags-1.3.0.tgz",
      "integrity": "sha512-2+Q0C5g951OlYlJz6yu5/M33IcsESLlLfsyIaLJaG4FA2r4yP8MvVMJUUP/fVBkSpbbbZlS5gynbEWLipiiXiQ==",
      "requires": {
        "define-properties": "^1.1.3",
        "es-abstract": "^1.17.0-next.1"
      }
    },
    "request": {
      "version": "2.9.203",
      "resolved": "https://registry.npmjs.org/request/-/request-2.9.203.tgz",
      "integrity": "sha1-bBcRpUB/uUoRQhlWPkQUW8v0cjo="
    },
    "resolve-pathname": {
      "version": "3.0.0",
      "resolved": "https://registry.npmjs.org/resolve-pathname/-/resolve-pathname-3.0.0.tgz",
      "integrity": "sha512-C7rARubxI8bXFNB/hqcp/4iUeIXJhJZvFPFPiSPRnhU5UPxzMFIl+2E6yY6c4k9giDJAhtV+enfA+G89N6Csng=="
    },
    "semver": {
      "version": "1.0.14",
      "resolved": "https://registry.npmjs.org/semver/-/semver-1.0.14.tgz",
      "integrity": "sha1-ysXi1Vpvv5WMsiCuhEBFBxx49nY="
    },
    "sigmund": {
      "version": "1.0.1",
      "resolved": "https://registry.npmjs.org/sigmund/-/sigmund-1.0.1.tgz",
      "integrity": "sha1-P/IfGYytIXX587eBhT/ZTQ0ZtZA="
    },
    "sqwish": {
      "version": "0.2.2",
      "resolved": "https://registry.npmjs.org/sqwish/-/sqwish-0.2.2.tgz",
      "integrity": "sha1-AP4maBBPEii1u37nOe9gEhu8sFc="
    },
    "stack-trace": {
      "version": "0.0.10",
      "resolved": "https://registry.npmjs.org/stack-trace/-/stack-trace-0.0.10.tgz",
      "integrity": "sha1-VHxws0fo0ytOEI6hoqFZ5f3eGcA="
    },
    "string.prototype.trimend": {
      "version": "1.0.1",
      "resolved": "https://registry.npmjs.org/string.prototype.trimend/-/string.prototype.trimend-1.0.1.tgz",
      "integrity": "sha512-LRPxFUaTtpqYsTeNKaFOw3R4bxIzWOnbQ837QfBylo8jIxtcbK/A/sMV7Q+OAV/vWo+7s25pOE10KYSjaSO06g==",
      "requires": {
        "define-properties": "^1.1.3",
        "es-abstract": "^1.17.5"
      }
    },
    "string.prototype.trimleft": {
      "version": "2.1.2",
      "resolved": "https://registry.npmjs.org/string.prototype.trimleft/-/string.prototype.trimleft-2.1.2.tgz",
      "integrity": "sha512-gCA0tza1JBvqr3bfAIFJGqfdRTyPae82+KTnm3coDXkZN9wnuW3HjGgN386D7hfv5CHQYCI022/rJPVlqXyHSw==",
      "requires": {
        "define-properties": "^1.1.3",
        "es-abstract": "^1.17.5",
        "string.prototype.trimstart": "^1.0.0"
      }
    },
    "string.prototype.trimright": {
      "version": "2.1.2",
      "resolved": "https://registry.npmjs.org/string.prototype.trimright/-/string.prototype.trimright-2.1.2.tgz",
      "integrity": "sha512-ZNRQ7sY3KroTaYjRS6EbNiiHrOkjihL9aQE/8gfQ4DtAC/aEBRHFJa44OmoWxGGqXuJlfKkZW4WcXErGr+9ZFg==",
      "requires": {
        "define-properties": "^1.1.3",
        "es-abstract": "^1.17.5",
        "string.prototype.trimend": "^1.0.0"
      }
    },
    "string.prototype.trimstart": {
      "version": "1.0.1",
      "resolved": "https://registry.npmjs.org/string.prototype.trimstart/-/string.prototype.trimstart-1.0.1.tgz",
      "integrity": "sha512-XxZn+QpvrBI1FOcg6dIpxUPgWCPuNXvMD72aaRaUQv1eD4e/Qy8i/hFTe0BUmD60p/QA6bh1avmuPTfNjqVWRw==",
      "requires": {
        "define-properties": "^1.1.3",
        "es-abstract": "^1.17.5"
      }
    },
    "tap-assert": {
      "version": "0.0.11",
      "resolved": "https://registry.npmjs.org/tap-assert/-/tap-assert-0.0.11.tgz",
      "integrity": "sha1-KscjZBJ0OhdUirwo7VOhFygNWWo="
    },
    "tap-producer": {
      "version": "0.0.1",
      "resolved": "https://registry.npmjs.org/tap-producer/-/tap-producer-0.0.1.tgz",
      "integrity": "sha1-C1cjE3LONiqtZXFcDW6kV1hpXWw=",
      "requires": {
        "inherits": "*",
        "tap-results": "0.x",
        "yamlish": "*"
      }
    },
    "tap-results": {
      "version": "0.0.2",
      "resolved": "https://registry.npmjs.org/tap-results/-/tap-results-0.0.2.tgz",
      "integrity": "sha1-oSTf56S2YnnG9lrtxU7Fl3RkJos=",
      "requires": {
        "inherits": "~1.0.0"
      },
      "dependencies": {
        "inherits": {
          "version": "1.0.2",
          "resolved": "https://registry.npmjs.org/inherits/-/inherits-1.0.2.tgz",
          "integrity": "sha1-ykMJ2t7mtUzAuNJH6NfHoJdb3Js="
        }
      }
    },
    "temporary": {
      "version": "0.0.8",
      "resolved": "https://registry.npmjs.org/temporary/-/temporary-0.0.8.tgz",
      "integrity": "sha1-oYqYHSi6jKNgJ/s8MFOMPst0CsA=",
      "requires": {
        "package": ">= 1.0.0 < 1.2.0"
      }
    },
    "timespan": {
      "version": "2.3.0",
      "resolved": "https://registry.npmjs.org/timespan/-/timespan-2.3.0.tgz",
      "integrity": "sha1-SQLOBAvRPYRcj1myfp1ZutbzmSk="
    },
    "tiny-invariant": {
      "version": "1.1.0",
      "resolved": "https://registry.npmjs.org/tiny-invariant/-/tiny-invariant-1.1.0.tgz",
      "integrity": "sha512-ytxQvrb1cPc9WBEI/HSeYYoGD0kWnGEOR8RY6KomWLBVhqz0RgTwVO9dLrGz7dC+nN9llyI7OKAgRq8Vq4ZBSw=="
    },
    "tiny-warning": {
      "version": "1.0.3",
      "resolved": "https://registry.npmjs.org/tiny-warning/-/tiny-warning-1.0.3.tgz",
      "integrity": "sha512-lBN9zLN/oAf68o3zNXYrdCt1kP8WsiGW8Oo2ka41b2IM5JL/S1CTyX1rW0mb/zSuJun0ZUrDxx4sqvYS2FWzPA=="
    },
    "typed-styles": {
      "version": "0.0.7",
      "resolved": "https://registry.npmjs.org/typed-styles/-/typed-styles-0.0.7.tgz",
      "integrity": "sha512-pzP0PWoZUhsECYjABgCGQlRGL1n7tOHsgwYv3oIiEpJwGhFTuty/YNeduxQYzXXa3Ge5BdT6sHYIQYpl4uJ+5Q=="
    },
    "uglify-js": {
      "version": "1.0.7",
      "resolved": "https://registry.npmjs.org/uglify-js/-/uglify-js-1.0.7.tgz",
      "integrity": "sha1-K3oQ5ij4gCmlU9K0u7F0CTQ3VcA="
    },
    "underscore": {
      "version": "1.2.4",
      "resolved": "https://registry.npmjs.org/underscore/-/underscore-1.2.4.tgz",
      "integrity": "sha1-6NpiQaoG9k3yRzuyWQuMF8hMPH4="
    },
    "underscore.string": {
      "version": "2.1.1",
      "resolved": "https://registry.npmjs.org/underscore.string/-/underscore.string-2.1.1.tgz",
      "integrity": "sha1-RYOXeZEUubZ/YDC7UnsK+uaJwGE="
    },
    "value-equal": {
      "version": "1.0.1",
      "resolved": "https://registry.npmjs.org/value-equal/-/value-equal-1.0.1.tgz",
      "integrity": "sha512-NOJ6JZCAWr0zlxZt+xqCHNTEKOsrks2HQd4MqhP1qy4z1SkbEP467eNx6TgDKXMvUOb+OENfJCZwM+16n7fRfw=="
    },
    "warning": {
      "version": "4.0.3",
      "resolved": "https://registry.npmjs.org/warning/-/warning-4.0.3.tgz",
      "integrity": "sha512-rpJyN222KWIvHJ/F53XSZv0Zl/accqHR8et1kpaMTD/fLCRxtV8iX8czMzY7sVZupTI3zcUTg8eycS2kNF9l6w==",
      "requires": {
        "loose-envify": "^1.0.0"
      }
    },
    "winston": {
      "version": "0.5.11",
      "resolved": "https://registry.npmjs.org/winston/-/winston-0.5.11.tgz",
      "integrity": "sha1-nYTq2YGkl6kt33ZhYTer72YcQU8=",
      "requires": {
        "async": "0.1.x",
        "colors": "0.x.x",
        "eyes": "0.1.x",
        "loggly": "0.3.x >=0.3.7",
        "pkginfo": "0.2.x",
        "stack-trace": "0.0.x"
      },
      "dependencies": {
        "pkginfo": {
          "version": "0.2.3",
          "resolved": "https://registry.npmjs.org/pkginfo/-/pkginfo-0.2.3.tgz",
          "integrity": "sha1-cjnEKl72wwuPMoQ52bn/cQQkkPg="
        }
      }
    },
    "yamlish": {
      "version": "0.0.7",
      "resolved": "https://registry.npmjs.org/yamlish/-/yamlish-0.0.7.tgz",
      "integrity": "sha1-tK+aHcxjYYhzw9bkUewyE8OaV/s="
    }
  }
}
